
Microsoft Visual Studio Solution File, Format Version 12.00
# Visual Studio Version 17
VisualStudioVersion = 17.8.34205.153
MinimumVisualStudioVersion = 10.0.40219.1
Project("{9A19103F-16F7-4668-BE54-9A1E7A4F7556}") = "Itog", "Itog\Itog.csproj", "{48E1C2EF-674F-44C9-A23E-7AAA6A85FBFC}"
EndProject
Project("{9A19103F-16F7-4668-BE54-9A1E7A4F7556}") = "MyLibrary", "MyLibrary\MyLibrary.csproj", "{33D51288-5637-4A91-A38F-A24C9792167B}"
EndProject
Project("{9A19103F-16F7-4668-BE54-9A1E7A4F7556}") = "TcpServer", "TcpServer\TcpServer.csproj", "{67C7935C-C34E-4AB9-83AC-23D80826FBEF}"
EndProject
Project("{9A19103F-16F7-4668-BE54-9A1E7A4F7556}") = "TcpClient", "TcpClient\TcpClient.csproj", "{D1ABF8B1-37D3-478B-B5E7-F1CB853536F5}"
EndProject
Project("{FAE04EC0-301F-11D3-BF4B-00C04F79EFBC}") = "Tests", "Tests\Tests.csproj", "{3AFBDE44-B12A-48A7-8F06-8C3AA30F2288}"
EndProject
Global
	GlobalSection(SolutionConfigurationPlatforms) = preSolution
		Debug|Any CPU = Debug|Any CPU
		Release|Any CPU = Release|Any CPU
	EndGlobalSection
	GlobalSection(ProjectConfigurationPlatforms) = postSolution
		{48E1C2EF-674F-44C9-A23E-7AAA6A85FBFC}.Debug|Any CPU.ActiveCfg = Debug|Any CPU
		{48E1C2EF-674F-44C9-A23E-7AAA6A85FBFC}.Debug|Any CPU.Build.0 = Debug|Any CPU
		{48E1C2EF-674F-44C9-A23E-7AAA6A85FBFC}.Release|Any CPU.ActiveCfg = Release|Any CPU
		{48E1C2EF-674F-44C9-A23E-7AAA6A85FBFC}.Release|Any CPU.Build.0 = Release|Any CPU
		{33D51288-5637-4A91-A38F-A24C9792167B}.Debug|Any CPU.ActiveCfg = Debug|Any CPU
		{33D51288-5637-4A91-A38F-A24C9792167B}.Debug|Any CPU.Build.0 = Debug|Any CPU
		{33D51288-5637-4A91-A38F-A24C9792167B}.Release|Any CPU.ActiveCfg = Release|Any CPU
		{33D51288-5637-4A91-A38F-A24C9792167B}.Release|Any CPU.Build.0 = Release|Any CPU
		{67C7935C-C34E-4AB9-83AC-23D80826FBEF}.Debug|Any CPU.ActiveCfg = Debug|Any CPU
		{67C7935C-C34E-4AB9-83AC-23D80826FBEF}.Debug|Any CPU.Build.0 = Debug|Any CPU
		{67C7935C-C34E-4AB9-83AC-23D80826FBEF}.Release|Any CPU.ActiveCfg = Release|Any CPU
		{67C7935C-C34E-4AB9-83AC-23D80826FBEF}.Release|Any CPU.Build.0 = Release|Any CPU
		{D1ABF8B1-37D3-478B-B5E7-F1CB853536F5}.Debug|Any CPU.ActiveCfg = Debug|Any CPU
		{D1ABF8B1-37D3-478B-B5E7-F1CB853536F5}.Debug|Any CPU.Build.0 = Debug|Any CPU
		{D1ABF8B1-37D3-478B-B5E7-F1CB853536F5}.Release|Any CPU.ActiveCfg = Release|Any CPU
		{D1ABF8B1-37D3-478B-B5E7-F1CB853536F5}.Release|Any CPU.Build.0 = Release|Any CPU
		{3AFBDE44-B12A-48A7-8F06-8C3AA30F2288}.Debug|Any CPU.ActiveCfg = Debug|Any CPU
		{3AFBDE44-B12A-48A7-8F06-8C3AA30F2288}.Debug|Any CPU.Build.0 = Debug|Any CPU
		{3AFBDE44-B12A-48A7-8F06-8C3AA30F2288}.Release|Any CPU.ActiveCfg = Release|Any CPU
		{3AFBDE44-B12A-48A7-8F06-8C3AA30F2288}.Release|Any CPU.Build.0 = Release|Any CPU
	EndGlobalSection
	GlobalSection(SolutionProperties) = preSolution
		HideSolutionNode = FALSE
	EndGlobalSection
	GlobalSection(ExtensibilityGlobals) = postSolution
		SolutionGuid = {A73A076D-8C03-4AF5-B61E-FD5501FFFF61}
	EndGlobalSection
EndGlobal
